
Microsoft Visual Studio Solution File, Format Version 12.00
# Visual Studio Version 16
VisualStudioVersion = 16.0.810.5
MinimumVisualStudioVersion = 10.0.40219.1
Project("{FAE04EC0-301F-11D3-BF4B-00C04F79EFBC}") = "ATM-Project", "ATM-Project.csproj", "{06209314-6365-4093-AFEC-0EC4C3AE014A}"
EndProject
Global
	GlobalSection(SolutionConfigurationPlatforms) = preSolution
		Debug|Any CPU = Debug|Any CPU
		Release|Any CPU = Release|Any CPU
	EndGlobalSection
	GlobalSection(ProjectConfigurationPlatforms) = postSolution
		{06209314-6365-4093-AFEC-0EC4C3AE014A}.Debug|Any CPU.ActiveCfg = Debug|Any CPU
		{06209314-6365-4093-AFEC-0EC4C3AE014A}.Debug|Any CPU.Build.0 = Debug|Any CPU
		{06209314-6365-4093-AFEC-0EC4C3AE014A}.Release|Any CPU.ActiveCfg = Release|Any CPU
		{06209314-6365-4093-AFEC-0EC4C3AE014A}.Release|Any CPU.Build.0 = Release|Any CPU
	EndGlobalSection
	GlobalSection(SolutionProperties) = preSolution
		HideSolutionNode = FALSE
	EndGlobalSection
	GlobalSection(ExtensibilityGlobals) = postSolution
		SolutionGuid = {88B58C57-3A40-4E11-B8FA-F7A546944A6A}
	EndGlobalSection
EndGlobal
